
Microsoft Visual Studio Solution File, Format Version 12.00
# Visual Studio Version 17
VisualStudioVersion = 17.7.34018.315
MinimumVisualStudioVersion = 10.0.40219.1
Project("{FAE04EC0-301F-11D3-BF4B-00C04F79EFBC}") = "Algebra Calculator", "Algebra Calculator\Algebra Calculator.csproj", "{969F2068-647E-43F2-A86E-A27BAC59AFC7}"
EndProject
Global
	GlobalSection(SolutionConfigurationPlatforms) = preSolution
		Debug|Any CPU = Debug|Any CPU
		Release|Any CPU = Release|Any CPU
	EndGlobalSection
	GlobalSection(ProjectConfigurationPlatforms) = postSolution
		{969F2068-647E-43F2-A86E-A27BAC59AFC7}.Debug|Any CPU.ActiveCfg = Debug|Any CPU
		{969F2068-647E-43F2-A86E-A27BAC59AFC7}.Debug|Any CPU.Build.0 = Debug|Any CPU
		{969F2068-647E-43F2-A86E-A27BAC59AFC7}.Release|Any CPU.ActiveCfg = Release|Any CPU
		{969F2068-647E-43F2-A86E-A27BAC59AFC7}.Release|Any CPU.Build.0 = Release|Any CPU
	EndGlobalSection
	GlobalSection(SolutionProperties) = preSolution
		HideSolutionNode = FALSE
	EndGlobalSection
	GlobalSection(ExtensibilityGlobals) = postSolution
		SolutionGuid = {ABCFB906-452A-4A59-B027-04592F8C344C}
	EndGlobalSection
EndGlobal
